// !$*UTF8*$!
{
	archiveVersion = 1;
	classes = {
	};
	objectVersion = 55;
	objects = {

/* Begin PBXBuildFile section */
		2A5C7E6A270DD379003E0231 /* APIReviewApp.swift in Sources */ = {isa = PBXBuildFile; fileRef = 2A5C7E69270DD379003E0231 /* APIReviewApp.swift */; };
		2A5C7E6C270DD379003E0231 /* ContentView.swift in Sources */ = {isa = PBXBuildFile; fileRef = 2A5C7E6B270DD379003E0231 /* ContentView.swift */; };
		2A5C7E6E270DD37D003E0231 /* Assets.xcassets in Resources */ = {isa = PBXBuildFile; fileRef = 2A5C7E6D270DD37D003E0231 /* Assets.xcassets */; };
		2A5C7E71270DD37D003E0231 /* Preview Assets.xcassets in Resources */ = {isa = PBXBuildFile; fileRef = 2A5C7E70270DD37D003E0231 /* Preview Assets.xcassets */; };
		2A5C7E79270DD39A003E0231 /* APIConstants.swift in Sources */ = {isa = PBXBuildFile; fileRef = 2A5C7E78270DD39A003E0231 /* APIConstants.swift */; };
		2A5C7E7F270DD58C003E0231 /* Quote.swift in Sources */ = {isa = PBXBuildFile; fileRef = 2A5C7E7E270DD58C003E0231 /* Quote.swift */; };
		2A5C7E82270DD6BF003E0231 /* QuotesScreen.swift in Sources */ = {isa = PBXBuildFile; fileRef = 2A5C7E81270DD6BF003E0231 /* QuotesScreen.swift */; };
/* End PBXBuildFile section */

/* Begin PBXFileReference section */
		2A5C7E66270DD379003E0231 /* APIReview.app */ = {isa = PBXFileReference; explicitFileType = wrapper.application; includeInIndex = 0; path = APIReview.app; sourceTree = BUILT_PRODUCTS_DIR; };
		2A5C7E69270DD379003E0231 /* APIReviewApp.swift */ = {isa = PBXFileReference; lastKnownFileType = sourcecode.swift; path = APIReviewApp.swift; sourceTree = "<group>"; };
		2A5C7E6B270DD379003E0231 /* ContentView.swift */ = {isa = PBXFileReference; lastKnownFileType = sourcecode.swift; path = ContentView.swift; sourceTree = "<group>"; };
		2A5C7E6D270DD37D003E0231 /* Assets.xcassets */ = {isa = PBXFileReference; lastKnownFileType = folder.assetcatalog; path = Assets.xcassets; sourceTree = "<group>"; };
		2A5C7E70270DD37D003E0231 /* Preview Assets.xcassets */ = {isa = PBXFileReference; lastKnownFileType = folder.assetcatalog; path = "Preview Assets.xcassets"; sourceTree = "<group>"; };
		2A5C7E78270DD39A003E0231 /* APIConstants.swift */ = {isa = PBXFileReference; lastKnownFileType = sourcecode.swift; path = APIConstants.swift; sourceTree = "<group>"; };
		2A5C7E7E270DD58C003E0231 /* Quote.swift */ = {isa = PBXFileReference; lastKnownFileType = sourcecode.swift; path = Quote.swift; sourceTree = "<group>"; };
		2A5C7E81270DD6BF003E0231 /* QuotesScreen.swift */ = {isa = PBXFileReference; lastKnownFileType = sourcecode.swift; path = QuotesScreen.swift; sourceTree = "<group>"; };
/* End PBXFileReference section */

/* Begin PBXFrameworksBuildPhase section */
		2A5C7E63270DD379003E0231 /* Frameworks */ = {
			isa = PBXFrameworksBuildPhase;
			buildActionMask = 2147483647;
			files = (
			);
			runOnlyForDeploymentPostprocessing = 0;
		};
/* End PBXFrameworksBuildPhase section */

/* Begin PBXGroup section */
		2A5C7E5D270DD379003E0231 = {
			isa = PBXGroup;
			children = (
				2A5C7E68270DD379003E0231 /* APIReview */,
				2A5C7E67270DD379003E0231 /* Products */,
			);
			sourceTree = "<group>";
		};
		2A5C7E67270DD379003E0231 /* Products */ = {
			isa = PBXGroup;
			children = (
				2A5C7E66270DD379003E0231 /* APIReview.app */,
			);
			name = Products;
			sourceTree = "<group>";
		};
		2A5C7E68270DD379003E0231 /* APIReview */ = {
			isa = PBXGroup;
			children = (
				2A5C7E7B270DD555003E0231 /* Feature */,
				2A5C7E77270DD385003E0231 /* Constants */,
				2A5C7E69270DD379003E0231 /* APIReviewApp.swift */,
				2A5C7E6B270DD379003E0231 /* ContentView.swift */,
				2A5C7E6D270DD37D003E0231 /* Assets.xcassets */,
				2A5C7E6F270DD37D003E0231 /* Preview Content */,
			);
			path = APIReview;
			sourceTree = "<group>";
		};
		2A5C7E6F270DD37D003E0231 /* Preview Content */ = {
			isa = PBXGroup;
			children = (
				2A5C7E70270DD37D003E0231 /* Preview Assets.xcassets */,
			);
			path = "Preview Content";
			sourceTree = "<group>";
		};
		2A5C7E77270DD385003E0231 /* Constants */ = {
			isa = PBXGroup;
			children = (
				2A5C7E78270DD39A003E0231 /* APIConstants.swift */,
			);
			path = Constants;
			sourceTree = "<group>";
		};
		2A5C7E7B270DD555003E0231 /* Feature */ = {
			isa = PBXGroup;
			children = (
				2A5C7E7C270DD55C003E0231 /* Quotes */,
			);
			path = Feature;
			sourceTree = "<group>";
		};
		2A5C7E7C270DD55C003E0231 /* Quotes */ = {
			isa = PBXGroup;
			children = (
				2A5C7E80270DD69A003E0231 /* Screen */,
				2A5C7E7D270DD572003E0231 /* Model */,
			);
			path = Quotes;
			sourceTree = "<group>";
		};
		2A5C7E7D270DD572003E0231 /* Model */ = {
			isa = PBXGroup;
			children = (
				2A5C7E7E270DD58C003E0231 /* Quote.swift */,
			);
			path = Model;
			sourceTree = "<group>";
		};
		2A5C7E80270DD69A003E0231 /* Screen */ = {
			isa = PBXGroup;
			children = (
				2A5C7E81270DD6BF003E0231 /* QuotesScreen.swift */,
			);
			path = Screen;
			sourceTree = "<group>";
		};
/* End PBXGroup section */

/* Begin PBXNativeTarget section */
		2A5C7E65270DD379003E0231 /* APIReview */ = {
			isa = PBXNativeTarget;
			buildConfigurationList = 2A5C7E74270DD37D003E0231 /* Build configuration list for PBXNativeTarget "APIReview" */;
			buildPhases = (
				2A5C7E62270DD379003E0231 /* Sources */,
				2A5C7E63270DD379003E0231 /* Frameworks */,
				2A5C7E64270DD379003E0231 /* Resources */,
			);
			buildRules = (
			);
			dependencies = (
			);
			name = APIReview;
			productName = APIReview;
			productReference = 2A5C7E66270DD379003E0231 /* APIReview.app */;
			productType = "com.apple.product-type.application";
		};
/* End PBXNativeTarget section */

/* Begin PBXProject section */
		2A5C7E5E270DD379003E0231 /* Project object */ = {
			isa = PBXProject;
			attributes = {
				BuildIndependentTargetsInParallel = 1;
				LastSwiftUpdateCheck = 1300;
				LastUpgradeCheck = 1300;
				TargetAttributes = {
					2A5C7E65270DD379003E0231 = {
						CreatedOnToolsVersion = 13.0;
					};
				};
			};
			buildConfigurationList = 2A5C7E61270DD379003E0231 /* Build configuration list for PBXProject "APIReview" */;
			compatibilityVersion = "Xcode 13.0";
			developmentRegion = en;
			hasScannedForEncodings = 0;
			knownRegions = (
				en,
				Base,
			);
			mainGroup = 2A5C7E5D270DD379003E0231;
			productRefGroup = 2A5C7E67270DD379003E0231 /* Products */;
			projectDirPath = "";
			projectRoot = "";
			targets = (
				2A5C7E65270DD379003E0231 /* APIReview */,
			);
		};
/* End PBXProject section */

/* Begin PBXResourcesBuildPhase section */
		2A5C7E64270DD379003E0231 /* Resources */ = {
			isa = PBXResourcesBuildPhase;
			buildActionMask = 2147483647;
			files = (
				2A5C7E71270DD37D003E0231 /* Preview Assets.xcassets in Resources */,
				2A5C7E6E270DD37D003E0231 /* Assets.xcassets in Resources */,
			);
			runOnlyForDeploymentPostprocessing = 0;
		};
/* End PBXResourcesBuildPhase section */

/* Begin PBXSourcesBuildPhase section */
		2A5C7E62270DD379003E0231 /* Sources */ = {
			isa = PBXSourcesBuildPhase;
			buildActionMask = 2147483647;
			files = (
				2A5C7E7F270DD58C003E0231 /* Quote.swift in Sources */,
				2A5C7E6C270DD379003E0231 /* ContentView.swift in Sources */,
				2A5C7E6A270DD379003E0231 /* APIReviewApp.swift in Sources */,
				2A5C7E79270DD39A003E0231 /* APIConstants.swift in Sources */,
				2A5C7E82270DD6BF003E0231 /* QuotesScreen.swift in Sources */,
			);
			runOnlyForDeploymentPostprocessing = 0;
		};
/* End PBXSourcesBuildPhase section */

/* Begin XCBuildConfiguration section */
		2A5C7E72270DD37D003E0231 /* Debug */ = {
			isa = XCBuildConfiguration;
			buildSettings = {
				ALWAYS_SEARCH_USER_PATHS = NO;
				CLANG_ANALYZER_NONNULL = YES;
				CLANG_ANALYZER_NUMBER_OBJECT_CONVERSION = YES_AGGRESSIVE;
				CLANG_CXX_LANGUAGE_STANDARD = "gnu++17";
				CLANG_CXX_LIBRARY = "libc++";
				CLANG_ENABLE_MODULES = YES;
				CLANG_ENABLE_OBJC_ARC = YES;
				CLANG_ENABLE_OBJC_WEAK = YES;
				CLANG_WARN_BLOCK_CAPTURE_AUTORELEASING = YES;
				CLANG_WARN_BOOL_CONVERSION = YES;
				CLANG_WARN_COMMA = YES;
				CLANG_WARN_CONSTANT_CONVERSION = YES;
				CLANG_WARN_DEPRECATED_OBJC_IMPLEMENTATIONS = YES;
				CLANG_WARN_DIRECT_OBJC_ISA_USAGE = YES_ERROR;
				CLANG_WARN_DOCUMENTATION_COMMENTS = YES;
				CLANG_WARN_EMPTY_BODY = YES;
				CLANG_WARN_ENUM_CONVERSION = YES;
				CLANG_WARN_INFINITE_RECURSION = YES;
				CLANG_WARN_INT_CONVERSION = YES;
				CLANG_WARN_NON_LITERAL_NULL_CONVERSION = YES;
				CLANG_WARN_OBJC_IMPLICIT_RETAIN_SELF = YES;
				CLANG_WARN_OBJC_LITERAL_CONVERSION = YES;
				CLANG_WARN_OBJC_ROOT_CLASS = YES_ERROR;
				CLANG_WARN_QUOTED_INCLUDE_IN_FRAMEWORK_HEADER = YES;
				CLANG_WARN_RANGE_LOOP_ANALYSIS = YES;
				CLANG_WARN_STRICT_PROTOTYPES = YES;
				CLANG_WARN_SUSPICIOUS_MOVE = YES;
				CLANG_WARN_UNGUARDED_AVAILABILITY = YES_AGGRESSIVE;
				CLANG_WARN_UNREACHABLE_CODE = YES;
				CLANG_WARN__DUPLICATE_METHOD_MATCH = YES;
				COPY_PHASE_STRIP = NO;
				DEBUG_INFORMATION_FORMAT = dwarf;
				ENABLE_STRICT_OBJC_MSGSEND = YES;
				ENABLE_TESTABILITY = YES;
				GCC_C_LANGUAGE_STANDARD = gnu11;
				GCC_DYNAMIC_NO_PIC = NO;
				GCC_NO_COMMON_BLOCKS = YES;
				GCC_OPTIMIZATION_LEVEL = 0;
				GCC_PREPROCESSOR_DEFINITIONS = (
					"DEBUG=1",
					"$(inherited)",
				);
				GCC_WARN_64_TO_32_BIT_CONVERSION = YES;
				GCC_WARN_ABOUT_RETURN_TYPE = YES_ERROR;
				GCC_WARN_UNDECLARED_SELECTOR = YES;
				GCC_WARN_UNINITIALIZED_AUTOS = YES_AGGRESSIVE;
				GCC_WARN_UNUSED_FUNCTION = YES;
				GCC_WARN_UNUSED_VARIABLE = YES;
				IPHONEOS_DEPLOYMENT_TARGET = 15.0;
				MTL_ENABLE_DEBUG_INFO = INCLUDE_SOURCE;
				MTL_FAST_MATH = YES;
				ONLY_ACTIVE_ARCH = YES;
				SDKROOT = iphoneos;
				SWIFT_ACTIVE_COMPILATION_CONDITIONS = DEBUG;
				SWIFT_OPTIMIZATION_LEVEL = "-Onone";
			};
			name = Debug;
		};
		2A5C7E73270DD37D003E0231 /* Release */ = {
			isa = XCBuildConfiguration;
			buildSettings = {
				ALWAYS_SEARCH_USER_PATHS = NO;
				CLANG_ANALYZER_NONNULL = YES;
				CLANG_ANALYZER_NUMBER_OBJECT_CONVERSION = YES_AGGRESSIVE;
				CLANG_CXX_LANGUAGE_STANDARD = "gnu++17";
				CLANG_CXX_LIBRARY = "libc++";
				CLANG_ENABLE_MODULES = YES;
				CLANG_ENABLE_OBJC_ARC = YES;
				CLANG_ENABLE_OBJC_WEAK = YES;
				CLANG_WARN_BLOCK_CAPTURE_AUTORELEASING = YES;
				CLANG_WARN_BOOL_CONVERSION = YES;
				CLANG_WARN_COMMA = YES;
				CLANG_WARN_CONSTANT_CONVERSION = YES;
				CLANG_WARN_DEPRECATED_OBJC_IMPLEMENTATIONS = YES;
				CLANG_WARN_DIRECT_OBJC_ISA_USAGE = YES_ERROR;
				CLANG_WARN_DOCUMENTATION_COMMENTS = YES;
				CLANG_WARN_EMPTY_BODY = YES;
				CLANG_WARN_ENUM_CONVERSION = YES;
				CLANG_WARN_INFINITE_RECURSION = YES;
				CLANG_WARN_INT_CONVERSION = YES;
				CLANG_WARN_NON_LITERAL_NULL_CONVERSION = YES;
				CLANG_WARN_OBJC_IMPLICIT_RETAIN_SELF = YES;
				CLANG_WARN_OBJC_LITERAL_CONVERSION = YES;
				CLANG_WARN_OBJC_ROOT_CLASS = YES_ERROR;
				CLANG_WARN_QUOTED_INCLUDE_IN_FRAMEWORK_HEADER = YES;
				CLANG_WARN_RANGE_LOOP_ANALYSIS = YES;
				CLANG_WARN_STRICT_PROTOTYPES = YES;
				CLANG_WARN_SUSPICIOUS_MOVE = YES;
				CLANG_WARN_UNGUARDED_AVAILABILITY = YES_AGGRESSIVE;
				CLANG_WARN_UNREACHABLE_CODE = YES;
				CLANG_WARN__DUPLICATE_METHOD_MATCH = YES;
				COPY_PHASE_STRIP = NO;
				DEBUG_INFORMATION_FORMAT = "dwarf-with-dsym";
				ENABLE_NS_ASSERTIONS = NO;
				ENABLE_STRICT_OBJC_MSGSEND = YES;
				GCC_C_LANGUAGE_STANDARD = gnu11;
				GCC_NO_COMMON_BLOCKS = YES;
				GCC_WARN_64_TO_32_BIT_CONVERSION = YES;
				GCC_WARN_ABOUT_RETURN_TYPE = YES_ERROR;
				GCC_WARN_UNDECLARED_SELECTOR = YES;
				GCC_WARN_UNINITIALIZED_AUTOS = YES_AGGRESSIVE;
				GCC_WARN_UNUSED_FUNCTION = YES;
				GCC_WARN_UNUSED_VARIABLE = YES;
				IPHONEOS_DEPLOYMENT_TARGET = 15.0;
				MTL_ENABLE_DEBUG_INFO = NO;
				MTL_FAST_MATH = YES;
				SDKROOT = iphoneos;
				SWIFT_COMPILATION_MODE = wholemodule;
				SWIFT_OPTIMIZATION_LEVEL = "-O";
				VALIDATE_PRODUCT = YES;
			};
			name = Release;
		};
		2A5C7E75270DD37D003E0231 /* Debug */ = {
			isa = XCBuildConfiguration;
			buildSettings = {
				ASSETCATALOG_COMPILER_APPICON_NAME = AppIcon;
				ASSETCATALOG_COMPILER_GLOBAL_ACCENT_COLOR_NAME = AccentColor;
				CODE_SIGN_STYLE = Automatic;
				CURRENT_PROJECT_VERSION = 1;
				DEVELOPMENT_ASSET_PATHS = "\"APIReview/Preview Content\"";
				DEVELOPMENT_TEAM = GR8H7BN82Z;
				ENABLE_PREVIEWS = YES;
				GENERATE_INFOPLIST_FILE = YES;
				INFOPLIST_KEY_UIApplicationSceneManifest_Generation = YES;
				INFOPLIST_KEY_UIApplicationSupportsIndirectInputEvents = YES;
				INFOPLIST_KEY_UILaunchScreen_Generation = YES;
				INFOPLIST_KEY_UISupportedInterfaceOrientations_iPad = "UIInterfaceOrientationPortrait UIInterfaceOrientationPortraitUpsideDown UIInterfaceOrientationLandscapeLeft UIInterfaceOrientationLandscapeRight";
				INFOPLIST_KEY_UISupportedInterfaceOrientations_iPhone = "UIInterfaceOrientationPortrait UIInterfaceOrientationLandscapeLeft UIInterfaceOrientationLandscapeRight";
				IPHONEOS_DEPLOYMENT_TARGET = 14.0;
				LD_RUNPATH_SEARCH_PATHS = (
					"$(inherited)",
					"@executable_path/Frameworks",
				);
				MARKETING_VERSION = 1.0;
				PRODUCT_BUNDLE_IDENTIFIER = com.Cloutier.Vince.APIReview;
				PRODUCT_NAME = "$(TARGET_NAME)";
				SWIFT_EMIT_LOC_STRINGS = YES;
				SWIFT_VERSION = 5.0;
				TARGETED_DEVICE_FAMILY = "1,2";
			};
			name = Debug;
		};
		2A5C7E76270DD37D003E0231 /* Release */ = {
			isa = XCBuildConfiguration;
			buildSettings = {
				ASSETCATALOG_COMPILER_APPICON_NAME = AppIcon;
				ASSETCATALOG_COMPILER_GLOBAL_ACCENT_COLOR_NAME = AccentColor;
				CODE_SIGN_STYLE = Automatic;
				CURRENT_PROJECT_VERSION = 1;
				DEVELOPMENT_ASSET_PATHS = "\"APIReview/Preview Content\"";
				DEVELOPMENT_TEAM = GR8H7BN82Z;
				ENABLE_PREVIEWS = YES;
				GENERATE_INFOPLIST_FILE = YES;
				INFOPLIST_KEY_UIApplicationSceneManifest_Generation = YES;
				INFOPLIST_KEY_UIApplicationSupportsIndirectInputEvents = YES;
				INFOPLIST_KEY_UILaunchScreen_Generation = YES;
				INFOPLIST_KEY_UISupportedInterfaceOrientations_iPad = "UIInterfaceOrientationPortrait UIInterfaceOrientationPortraitUpsideDown UIInterfaceOrientationLandscapeLeft UIInterfaceOrientationLandscapeRight";
				INFOPLIST_KEY_UISupportedInterfaceOrientations_iPhone = "UIInterfaceOrientationPortrait UIInterfaceOrientationLandscapeLeft UIInterfaceOrientationLandscapeRight";
				IPHONEOS_DEPLOYMENT_TARGET = 14.0;
				LD_RUNPATH_SEARCH_PATHS = (
					"$(inherited)",
					"@executable_path/Frameworks",
				);
				MARKETING_VERSION = 1.0;
				PRODUCT_BUNDLE_IDENTIFIER = com.Cloutier.Vince.APIReview;
				PRODUCT_NAME = "$(TARGET_NAME)";
				SWIFT_EMIT_LOC_STRINGS = YES;
				SWIFT_VERSION = 5.0;
				TARGETED_DEVICE_FAMILY = "1,2";
			};
			name = Release;
		};
/* End XCBuildConfiguration section */

/* Begin XCConfigurationList section */
		2A5C7E61270DD379003E0231 /* Build configuration list for PBXProject "APIReview" */ = {
			isa = XCConfigurationList;
			buildConfigurations = (
				2A5C7E72270DD37D003E0231 /* Debug */,
				2A5C7E73270DD37D003E0231 /* Release */,
			);
			defaultConfigurationIsVisible = 0;
			defaultConfigurationName = Release;
		};
		2A5C7E74270DD37D003E0231 /* Build configuration list for PBXNativeTarget "APIReview" */ = {
			isa = XCConfigurationList;
			buildConfigurations = (
				2A5C7E75270DD37D003E0231 /* Debug */,
				2A5C7E76270DD37D003E0231 /* Release */,
			);
			defaultConfigurationIsVisible = 0;
			defaultConfigurationName = Release;
		};
/* End XCConfigurationList section */
	};
	rootObject = 2A5C7E5E270DD379003E0231 /* Project object */;
}
